
Microsoft Visual Studio Solution File, Format Version 12.00
# Visual Studio 15
VisualStudioVersion = 15.0.26730.3
MinimumVisualStudioVersion = 10.0.40219.1
Project("{FAE04EC0-301F-11D3-BF4B-00C04F79EFBC}") = "TestNinja", "TestNinja\TestNinja.csproj", "{7328740E-4B78-464F-8352-65D887F2145F}"
EndProject
Project("{FAE04EC0-301F-11D3-BF4B-00C04F79EFBC}") = "TestNinja.unitTests", "TestNinja.unitTests\TestNinja.unitTests.csproj", "{41FC5F98-9CAB-4AF7-8C34-874234B862BC}"
EndProject
Global
	GlobalSection(SolutionConfigurationPlatforms) = preSolution
		Debug|Any CPU = Debug|Any CPU
		Release|Any CPU = Release|Any CPU
	EndGlobalSection
	GlobalSection(ProjectConfigurationPlatforms) = postSolution
		{7328740E-4B78-464F-8352-65D887F2145F}.Debug|Any CPU.ActiveCfg = Debug|Any CPU
		{7328740E-4B78-464F-8352-65D887F2145F}.Debug|Any CPU.Build.0 = Debug|Any CPU
		{7328740E-4B78-464F-8352-65D887F2145F}.Release|Any CPU.ActiveCfg = Release|Any CPU
		{7328740E-4B78-464F-8352-65D887F2145F}.Release|Any CPU.Build.0 = Release|Any CPU
		{41FC5F98-9CAB-4AF7-8C34-874234B862BC}.Debug|Any CPU.ActiveCfg = Debug|Any CPU
		{41FC5F98-9CAB-4AF7-8C34-874234B862BC}.Debug|Any CPU.Build.0 = Debug|Any CPU
		{41FC5F98-9CAB-4AF7-8C34-874234B862BC}.Release|Any CPU.ActiveCfg = Release|Any CPU
		{41FC5F98-9CAB-4AF7-8C34-874234B862BC}.Release|Any CPU.Build.0 = Release|Any CPU
	EndGlobalSection
	GlobalSection(SolutionProperties) = preSolution
		HideSolutionNode = FALSE
	EndGlobalSection
	GlobalSection(ExtensibilityGlobals) = postSolution
		SolutionGuid = {B9B47AF7-3723-4165-AB02-E1FC57C519F6}
	EndGlobalSection
EndGlobal
